// !$*UTF8*$!
{
	archiveVersion = 1;
	classes = {
	};
	objectVersion = 51;
	objects = {

/* Begin PBXBuildFile section */
		0BF7F54766E7C200E67443BB /* Util.framework in Embed Frameworks */ = {isa = PBXBuildFile; fileRef = D096F263469D59EB07C76FD9 /* Util.framework */; settings = {ATTRIBUTES = (CodeSignOnCopy, RemoveHeadersOnCopy, ); }; };
		0EC0C616ED7B0F66C4D0E016 /* YourClosetTests.swift in Sources */ = {isa = PBXBuildFile; fileRef = 98EC762816F13A5B300B72F9 /* YourClosetTests.swift */; };
		1376DCE546A1D26EDDA5D1DD /* Util.h in Headers */ = {isa = PBXBuildFile; fileRef = 822D6F63F0D575E653A24908 /* Util.h */; settings = {ATTRIBUTES = (Public, ); }; };
		15D31F7CCCF227564889B779 /* YourClosetUITests.swift in Sources */ = {isa = PBXBuildFile; fileRef = E4BA2CCBE4A495593E202B9D /* YourClosetUITests.swift */; };
		22DC2F44F860E9F442FE0483 /* ClosetRouter.swift in Sources */ = {isa = PBXBuildFile; fileRef = D3B13EC9FCA5BF45917004BF /* ClosetRouter.swift */; };
		2F382468095C9616DC20BCAE /* Layout.swift in Sources */ = {isa = PBXBuildFile; fileRef = 91AE543386D1DFA08668ECB7 /* Layout.swift */; };
		32953157259860A900901C4A /* AppBaseViewController.swift in Sources */ = {isa = PBXBuildFile; fileRef = 32953156259860A900901C4A /* AppBaseViewController.swift */; };
		329531622598B4B400901C4A /* AppCollectionView.swift in Sources */ = {isa = PBXBuildFile; fileRef = 329531612598B4B400901C4A /* AppCollectionView.swift */; };
		3295316C2598B4E100901C4A /* AppCollectionViewDelegate.swift in Sources */ = {isa = PBXBuildFile; fileRef = 3295316B2598B4E100901C4A /* AppCollectionViewDelegate.swift */; };
		329531722598B57E00901C4A /* AppCollectionViewDataSource.swift in Sources */ = {isa = PBXBuildFile; fileRef = 329531712598B57E00901C4A /* AppCollectionViewDataSource.swift */; };
		3295318225996FA000901C4A /* SectionController.swift in Sources */ = {isa = PBXBuildFile; fileRef = 3295318125996FA000901C4A /* SectionController.swift */; };
		329531952599842B00901C4A /* Module.swift in Sources */ = {isa = PBXBuildFile; fileRef = 329531942599842B00901C4A /* Module.swift */; };
		3295319B2599888900901C4A /* ModuleSectionController.swift in Sources */ = {isa = PBXBuildFile; fileRef = 3295319A2599888900901C4A /* ModuleSectionController.swift */; };
		329531AB25999EAA00901C4A /* ClosetModule.swift in Sources */ = {isa = PBXBuildFile; fileRef = 329531AA25999EAA00901C4A /* ClosetModule.swift */; };
		329531B625999EE600901C4A /* ClosetSectionController.swift in Sources */ = {isa = PBXBuildFile; fileRef = 329531B525999EE600901C4A /* ClosetSectionController.swift */; };
		39F1E8ACE053FBE86BD5C4F1 /* ClosetPresenter.swift in Sources */ = {isa = PBXBuildFile; fileRef = 67E21868336E2EE17FB070BB /* ClosetPresenter.swift */; };
		57DA38842B62EAD540BE74FD /* Util.framework in Frameworks */ = {isa = PBXBuildFile; fileRef = D096F263469D59EB07C76FD9 /* Util.framework */; };
		57DE25F616AA31C847129945 /* UIComponent.framework in Embed Frameworks */ = {isa = PBXBuildFile; fileRef = BC0A249C19A8C017455B83A4 /* UIComponent.framework */; settings = {ATTRIBUTES = (CodeSignOnCopy, RemoveHeadersOnCopy, ); }; };
		6337970A5CB3F20FEBC3BEE3 /* Assets.xcassets in Resources */ = {isa = PBXBuildFile; fileRef = A3A97622A8D7D399577FC636 /* Assets.xcassets */; };
		7277CDFEDAD3D05394CB58C5 /* LaunchScreen.storyboard in Resources */ = {isa = PBXBuildFile; fileRef = B9411ABA73AEA6A03F67ADB0 /* LaunchScreen.storyboard */; };
		914A954BA963EBA49859A84F /* ClosetViewController.swift in Sources */ = {isa = PBXBuildFile; fileRef = 0BC806837FD9DCD1A4B75AE3 /* ClosetViewController.swift */; };
		93FF87A5ECDE5931A2784D05 /* Util.framework in Frameworks */ = {isa = PBXBuildFile; fileRef = D096F263469D59EB07C76FD9 /* Util.framework */; };
		AF54C25BB215AF6AAF889446 /* UIView+.swift in Sources */ = {isa = PBXBuildFile; fileRef = A7D4A643BD08AA89CD90B77F /* UIView+.swift */; };
		B9BE81A9F30419FA529D42BD /* UIComponent.h in Headers */ = {isa = PBXBuildFile; fileRef = 37BA01791001B84B17759152 /* UIComponent.h */; settings = {ATTRIBUTES = (Public, ); }; };
		EE0717DC95EFB07066D055B8 /* UIComponent.framework in Frameworks */ = {isa = PBXBuildFile; fileRef = BC0A249C19A8C017455B83A4 /* UIComponent.framework */; };
		F7F5B101352EA3E227DA2266 /* SceneDelegate.swift in Sources */ = {isa = PBXBuildFile; fileRef = E946316229C38544B5D40203 /* SceneDelegate.swift */; };
		FDDAFE0C0284BF932172C42B /* AppDelegate.swift in Sources */ = {isa = PBXBuildFile; fileRef = F0F55FCF05F6107D9CA6D0C2 /* AppDelegate.swift */; };
/* End PBXBuildFile section */

/* Begin PBXContainerItemProxy section */
		0B13696AFD87FDB5758A8EE7 /* PBXContainerItemProxy */ = {
			isa = PBXContainerItemProxy;
			containerPortal = D7683DD06B2022963F9CDABE /* Project object */;
			proxyType = 1;
			remoteGlobalIDString = F7049DDBD471E87A52B6CC04;
			remoteInfo = UIComponent;
		};
		11EE5397A824304646511C03 /* PBXContainerItemProxy */ = {
			isa = PBXContainerItemProxy;
			containerPortal = D7683DD06B2022963F9CDABE /* Project object */;
			proxyType = 1;
			remoteGlobalIDString = 7889EA894B15B11B191F2AF7;
			remoteInfo = Util;
		};
		AE32B23DFFE2A0255F02A998 /* PBXContainerItemProxy */ = {
			isa = PBXContainerItemProxy;
			containerPortal = D7683DD06B2022963F9CDABE /* Project object */;
			proxyType = 1;
			remoteGlobalIDString = 7889EA894B15B11B191F2AF7;
			remoteInfo = Util;
		};
/* End PBXContainerItemProxy section */

/* Begin PBXCopyFilesBuildPhase section */
		06E5713F2AED0164840DB3BF /* Embed Frameworks */ = {
			isa = PBXCopyFilesBuildPhase;
			buildActionMask = 2147483647;
			dstPath = "";
			dstSubfolderSpec = 10;
			files = (
				0BF7F54766E7C200E67443BB /* Util.framework in Embed Frameworks */,
				57DE25F616AA31C847129945 /* UIComponent.framework in Embed Frameworks */,
			);
			name = "Embed Frameworks";
			runOnlyForDeploymentPostprocessing = 0;
		};
/* End PBXCopyFilesBuildPhase section */

/* Begin PBXFileReference section */
		0BC806837FD9DCD1A4B75AE3 /* ClosetViewController.swift */ = {isa = PBXFileReference; lastKnownFileType = sourcecode.swift; path = ClosetViewController.swift; sourceTree = "<group>"; };
		0E07110F823DB991D5985DB0 /* Info.plist */ = {isa = PBXFileReference; lastKnownFileType = text.plist; path = Info.plist; sourceTree = "<group>"; };
		135734CF8501A36DC614D4CF /* YourCloset.app */ = {isa = PBXFileReference; explicitFileType = wrapper.application; includeInIndex = 0; path = YourCloset.app; sourceTree = BUILT_PRODUCTS_DIR; };
		1CAB28DB6D229F6303557978 /* Info.plist */ = {isa = PBXFileReference; lastKnownFileType = text.plist; path = Info.plist; sourceTree = "<group>"; };
		32953156259860A900901C4A /* AppBaseViewController.swift */ = {isa = PBXFileReference; lastKnownFileType = sourcecode.swift; path = AppBaseViewController.swift; sourceTree = "<group>"; };
		329531612598B4B400901C4A /* AppCollectionView.swift */ = {isa = PBXFileReference; lastKnownFileType = sourcecode.swift; path = AppCollectionView.swift; sourceTree = "<group>"; };
		3295316B2598B4E100901C4A /* AppCollectionViewDelegate.swift */ = {isa = PBXFileReference; lastKnownFileType = sourcecode.swift; path = AppCollectionViewDelegate.swift; sourceTree = "<group>"; };
		329531712598B57E00901C4A /* AppCollectionViewDataSource.swift */ = {isa = PBXFileReference; lastKnownFileType = sourcecode.swift; path = AppCollectionViewDataSource.swift; sourceTree = "<group>"; };
		3295318125996FA000901C4A /* SectionController.swift */ = {isa = PBXFileReference; lastKnownFileType = sourcecode.swift; path = SectionController.swift; sourceTree = "<group>"; };
		329531942599842B00901C4A /* Module.swift */ = {isa = PBXFileReference; lastKnownFileType = sourcecode.swift; path = Module.swift; sourceTree = "<group>"; };
		3295319A2599888900901C4A /* ModuleSectionController.swift */ = {isa = PBXFileReference; lastKnownFileType = sourcecode.swift; path = ModuleSectionController.swift; sourceTree = "<group>"; };
		329531AA25999EAA00901C4A /* ClosetModule.swift */ = {isa = PBXFileReference; lastKnownFileType = sourcecode.swift; path = ClosetModule.swift; sourceTree = "<group>"; };
		329531B525999EE600901C4A /* ClosetSectionController.swift */ = {isa = PBXFileReference; lastKnownFileType = sourcecode.swift; path = ClosetSectionController.swift; sourceTree = "<group>"; };
		33890B15F693B9F3EE5E129E /* YourClosetUITests.xctest */ = {isa = PBXFileReference; includeInIndex = 0; lastKnownFileType = wrapper.cfbundle; path = YourClosetUITests.xctest; sourceTree = BUILT_PRODUCTS_DIR; };
		37BA01791001B84B17759152 /* UIComponent.h */ = {isa = PBXFileReference; lastKnownFileType = sourcecode.c.h; path = UIComponent.h; sourceTree = "<group>"; };
		64B43F1DCA9A74C6ADADDF8C /* Info.plist */ = {isa = PBXFileReference; lastKnownFileType = text.plist; path = Info.plist; sourceTree = "<group>"; };
		67E21868336E2EE17FB070BB /* ClosetPresenter.swift */ = {isa = PBXFileReference; lastKnownFileType = sourcecode.swift; path = ClosetPresenter.swift; sourceTree = "<group>"; };
		686B99EB47E07433618C890E /* Base */ = {isa = PBXFileReference; lastKnownFileType = file.storyboard; name = Base; path = Base.lproj/LaunchScreen.storyboard; sourceTree = "<group>"; };
		822D6F63F0D575E653A24908 /* Util.h */ = {isa = PBXFileReference; lastKnownFileType = sourcecode.c.h; path = Util.h; sourceTree = "<group>"; };
		91AE543386D1DFA08668ECB7 /* Layout.swift */ = {isa = PBXFileReference; lastKnownFileType = sourcecode.swift; path = Layout.swift; sourceTree = "<group>"; };
		9319A0D069ACA26CB24AE425 /* Info.plist */ = {isa = PBXFileReference; lastKnownFileType = text.plist; path = Info.plist; sourceTree = "<group>"; };
		98EC762816F13A5B300B72F9 /* YourClosetTests.swift */ = {isa = PBXFileReference; lastKnownFileType = sourcecode.swift; path = YourClosetTests.swift; sourceTree = "<group>"; };
		A3A97622A8D7D399577FC636 /* Assets.xcassets */ = {isa = PBXFileReference; lastKnownFileType = folder.assetcatalog; path = Assets.xcassets; sourceTree = "<group>"; };
		A7D4A643BD08AA89CD90B77F /* UIView+.swift */ = {isa = PBXFileReference; lastKnownFileType = sourcecode.swift; path = "UIView+.swift"; sourceTree = "<group>"; };
		BC0A249C19A8C017455B83A4 /* UIComponent.framework */ = {isa = PBXFileReference; explicitFileType = wrapper.framework; includeInIndex = 0; path = UIComponent.framework; sourceTree = BUILT_PRODUCTS_DIR; };
		BE656A3C3F0B275328054B5A /* Info.plist */ = {isa = PBXFileReference; lastKnownFileType = text.plist; path = Info.plist; sourceTree = "<group>"; };
		D096F263469D59EB07C76FD9 /* Util.framework */ = {isa = PBXFileReference; explicitFileType = wrapper.framework; includeInIndex = 0; path = Util.framework; sourceTree = BUILT_PRODUCTS_DIR; };
		D3B13EC9FCA5BF45917004BF /* ClosetRouter.swift */ = {isa = PBXFileReference; lastKnownFileType = sourcecode.swift; path = ClosetRouter.swift; sourceTree = "<group>"; };
		E4BA2CCBE4A495593E202B9D /* YourClosetUITests.swift */ = {isa = PBXFileReference; lastKnownFileType = sourcecode.swift; path = YourClosetUITests.swift; sourceTree = "<group>"; };
		E5CD59DB8C4EF86D3D949D0B /* YourClosetTests.xctest */ = {isa = PBXFileReference; includeInIndex = 0; lastKnownFileType = wrapper.cfbundle; path = YourClosetTests.xctest; sourceTree = BUILT_PRODUCTS_DIR; };
		E946316229C38544B5D40203 /* SceneDelegate.swift */ = {isa = PBXFileReference; lastKnownFileType = sourcecode.swift; path = SceneDelegate.swift; sourceTree = "<group>"; };
		F0F55FCF05F6107D9CA6D0C2 /* AppDelegate.swift */ = {isa = PBXFileReference; lastKnownFileType = sourcecode.swift; path = AppDelegate.swift; sourceTree = "<group>"; };
/* End PBXFileReference section */

/* Begin PBXFrameworksBuildPhase section */
		13F315EF19DFC9077F9AF278 /* Frameworks */ = {
			isa = PBXFrameworksBuildPhase;
			buildActionMask = 2147483647;
			files = (
				93FF87A5ECDE5931A2784D05 /* Util.framework in Frameworks */,
				EE0717DC95EFB07066D055B8 /* UIComponent.framework in Frameworks */,
			);
			runOnlyForDeploymentPostprocessing = 0;
		};
		E7864352F2A9D54B8547030E /* Frameworks */ = {
			isa = PBXFrameworksBuildPhase;
			buildActionMask = 2147483647;
			files = (
				57DA38842B62EAD540BE74FD /* Util.framework in Frameworks */,
			);
			runOnlyForDeploymentPostprocessing = 0;
		};
/* End PBXFrameworksBuildPhase section */

/* Begin PBXGroup section */
		2771DB8AA89D752F9A33E19D /* Extension */ = {
			isa = PBXGroup;
			children = (
				A7D4A643BD08AA89CD90B77F /* UIView+.swift */,
			);
			path = Extension;
			sourceTree = "<group>";
		};
		2B7008D3FCEEE55A9E508141 /* Util */ = {
			isa = PBXGroup;
			children = (
				9319A0D069ACA26CB24AE425 /* Info.plist */,
				822D6F63F0D575E653A24908 /* Util.h */,
				2771DB8AA89D752F9A33E19D /* Extension */,
				9CE869E966F828F5B9CDBC66 /* Layout */,
			);
			path = Util;
			sourceTree = "<group>";
		};
		3295315F2598B46C00901C4A /* App */ = {
			isa = PBXGroup;
			children = (
				329531602598B47800901C4A /* CollectionView */,
			);
			path = App;
			sourceTree = "<group>";
		};
		329531602598B47800901C4A /* CollectionView */ = {
			isa = PBXGroup;
			children = (
				3295318B25997D5800901C4A /* Component */,
				329531612598B4B400901C4A /* AppCollectionView.swift */,
				3295316B2598B4E100901C4A /* AppCollectionViewDelegate.swift */,
				329531712598B57E00901C4A /* AppCollectionViewDataSource.swift */,
			);
			path = CollectionView;
			sourceTree = "<group>";
		};
		3295318B25997D5800901C4A /* Component */ = {
			isa = PBXGroup;
			children = (
				3295318125996FA000901C4A /* SectionController.swift */,
				329531942599842B00901C4A /* Module.swift */,
				3295319A2599888900901C4A /* ModuleSectionController.swift */,
			);
			path = Component;
			sourceTree = "<group>";
		};
		329531A825999E6900901C4A /* View */ = {
			isa = PBXGroup;
			children = (
				329531B425999ED300901C4A /* SectionController */,
				329531A925999E8000901C4A /* Module */,
			);
			path = View;
			sourceTree = "<group>";
		};
		329531A925999E8000901C4A /* Module */ = {
			isa = PBXGroup;
			children = (
				329531AA25999EAA00901C4A /* ClosetModule.swift */,
			);
			path = Module;
			sourceTree = "<group>";
		};
		329531B425999ED300901C4A /* SectionController */ = {
			isa = PBXGroup;
			children = (
				329531B525999EE600901C4A /* ClosetSectionController.swift */,
			);
			path = SectionController;
			sourceTree = "<group>";
		};
		3738F3D3B8B9A451102B51AF /* Products */ = {
			isa = PBXGroup;
			children = (
				BC0A249C19A8C017455B83A4 /* UIComponent.framework */,
				D096F263469D59EB07C76FD9 /* Util.framework */,
				135734CF8501A36DC614D4CF /* YourCloset.app */,
				E5CD59DB8C4EF86D3D949D0B /* YourClosetTests.xctest */,
				33890B15F693B9F3EE5E129E /* YourClosetUITests.xctest */,
			);
			name = Products;
			sourceTree = "<group>";
		};
		3D3B05658C7D18F4D412519D /* YourClosetTests */ = {
			isa = PBXGroup;
			children = (
				BE656A3C3F0B275328054B5A /* Info.plist */,
				98EC762816F13A5B300B72F9 /* YourClosetTests.swift */,
			);
			path = YourClosetTests;
			sourceTree = "<group>";
		};
		79BB5DA92ED6C4CDFD44652C /* Domain */ = {
			isa = PBXGroup;
			children = (
				A18BA87D1FC45CCB817F7D80 /* Closet */,
			);
			path = Domain;
			sourceTree = "<group>";
		};
		9CE869E966F828F5B9CDBC66 /* Layout */ = {
			isa = PBXGroup;
			children = (
				91AE543386D1DFA08668ECB7 /* Layout.swift */,
			);
			path = Layout;
			sourceTree = "<group>";
		};
		A18BA87D1FC45CCB817F7D80 /* Closet */ = {
			isa = PBXGroup;
			children = (
				67E21868336E2EE17FB070BB /* ClosetPresenter.swift */,
				D3B13EC9FCA5BF45917004BF /* ClosetRouter.swift */,
				0BC806837FD9DCD1A4B75AE3 /* ClosetViewController.swift */,
			);
			path = Closet;
			sourceTree = "<group>";
		};
		B70B530325ECEB529B74DCAF /* UIComponent */ = {
			isa = PBXGroup;
			children = (
				3295315F2598B46C00901C4A /* App */,
				329531A825999E6900901C4A /* View */,
				0E07110F823DB991D5985DB0 /* Info.plist */,
				37BA01791001B84B17759152 /* UIComponent.h */,
				32953156259860A900901C4A /* AppBaseViewController.swift */,
			);
			path = UIComponent;
			sourceTree = "<group>";
		};
		C5B1A87323169267FB795AC7 /* YourCloset */ = {
			isa = PBXGroup;
			children = (
				79BB5DA92ED6C4CDFD44652C /* Domain */,
				F0F55FCF05F6107D9CA6D0C2 /* AppDelegate.swift */,
				E946316229C38544B5D40203 /* SceneDelegate.swift */,
				A3A97622A8D7D399577FC636 /* Assets.xcassets */,
				64B43F1DCA9A74C6ADADDF8C /* Info.plist */,
				B9411ABA73AEA6A03F67ADB0 /* LaunchScreen.storyboard */,
			);
			path = YourCloset;
			sourceTree = "<group>";
		};
		DD5D3374CD2ED2039BAF12DF = {
			isa = PBXGroup;
			children = (
				B70B530325ECEB529B74DCAF /* UIComponent */,
				2B7008D3FCEEE55A9E508141 /* Util */,
				C5B1A87323169267FB795AC7 /* YourCloset */,
				3D3B05658C7D18F4D412519D /* YourClosetTests */,
				EA3C1028EF0320897CDDB5EF /* YourClosetUITests */,
				3738F3D3B8B9A451102B51AF /* Products */,
			);
			sourceTree = "<group>";
		};
		EA3C1028EF0320897CDDB5EF /* YourClosetUITests */ = {
			isa = PBXGroup;
			children = (
				1CAB28DB6D229F6303557978 /* Info.plist */,
				E4BA2CCBE4A495593E202B9D /* YourClosetUITests.swift */,
			);
			path = YourClosetUITests;
			sourceTree = "<group>";
		};
/* End PBXGroup section */

/* Begin PBXHeadersBuildPhase section */
		3F86DA652B5E2C7FB96298BD /* Headers */ = {
			isa = PBXHeadersBuildPhase;
			buildActionMask = 2147483647;
			files = (
				B9BE81A9F30419FA529D42BD /* UIComponent.h in Headers */,
			);
			runOnlyForDeploymentPostprocessing = 0;
		};
		9D89105EBE8F28CE1C4050B9 /* Headers */ = {
			isa = PBXHeadersBuildPhase;
			buildActionMask = 2147483647;
			files = (
				1376DCE546A1D26EDDA5D1DD /* Util.h in Headers */,
			);
			runOnlyForDeploymentPostprocessing = 0;
		};
/* End PBXHeadersBuildPhase section */

/* Begin PBXNativeTarget section */
		51EDD0990644ABF283F8F416 /* YourClosetUITests */ = {
			isa = PBXNativeTarget;
			buildConfigurationList = F37814EA812673971898C488 /* Build configuration list for PBXNativeTarget "YourClosetUITests" */;
			buildPhases = (
				77A8CA349A8CF894FF731556 /* Sources */,
			);
			buildRules = (
			);
			dependencies = (
			);
			name = YourClosetUITests;
			productName = YourClosetUITests;
			productReference = 33890B15F693B9F3EE5E129E /* YourClosetUITests.xctest */;
			productType = "com.apple.product-type.bundle.ui-testing";
		};
		7889EA894B15B11B191F2AF7 /* Util */ = {
			isa = PBXNativeTarget;
			buildConfigurationList = 0409E156CA932206FE391656 /* Build configuration list for PBXNativeTarget "Util" */;
			buildPhases = (
				9D89105EBE8F28CE1C4050B9 /* Headers */,
				79F72FFB2EA2CFCBBB3785CD /* Sources */,
			);
			buildRules = (
			);
			dependencies = (
			);
			name = Util;
			productName = Util;
			productReference = D096F263469D59EB07C76FD9 /* Util.framework */;
			productType = "com.apple.product-type.framework";
		};
		92EB09317C26196BB50C7CF7 /* YourClosetTests */ = {
			isa = PBXNativeTarget;
			buildConfigurationList = BD7CC5A4E27227BA825ED6AA /* Build configuration list for PBXNativeTarget "YourClosetTests" */;
			buildPhases = (
				B297DE4798CCD42759D4E92D /* Sources */,
			);
			buildRules = (
			);
			dependencies = (
			);
			name = YourClosetTests;
			productName = YourClosetTests;
			productReference = E5CD59DB8C4EF86D3D949D0B /* YourClosetTests.xctest */;
			productType = "com.apple.product-type.bundle.unit-test";
		};
		F7049DDBD471E87A52B6CC04 /* UIComponent */ = {
			isa = PBXNativeTarget;
			buildConfigurationList = 8170538AF1F2A7F01772AB92 /* Build configuration list for PBXNativeTarget "UIComponent" */;
			buildPhases = (
				3F86DA652B5E2C7FB96298BD /* Headers */,
				F79BA63A19435FFE2E77F5E3 /* Sources */,
				E7864352F2A9D54B8547030E /* Frameworks */,
			);
			buildRules = (
			);
			dependencies = (
				DBB11193E44759DD77B540B1 /* PBXTargetDependency */,
			);
			name = UIComponent;
			productName = UIComponent;
			productReference = BC0A249C19A8C017455B83A4 /* UIComponent.framework */;
			productType = "com.apple.product-type.framework";
		};
		F8B1287B47AA75283752D8E0 /* YourCloset */ = {
			isa = PBXNativeTarget;
			buildConfigurationList = 58920AD9CC6DA7D89ED1DF41 /* Build configuration list for PBXNativeTarget "YourCloset" */;
			buildPhases = (
				E888AC877ADAE2F6D008E323 /* Sources */,
				7837BE6DDDCB3B009DC7BC71 /* Resources */,
				13F315EF19DFC9077F9AF278 /* Frameworks */,
				06E5713F2AED0164840DB3BF /* Embed Frameworks */,
			);
			buildRules = (
			);
			dependencies = (
				E13A470BEFB989173F4BBD00 /* PBXTargetDependency */,
				6C441DB55A7C404AE002BD39 /* PBXTargetDependency */,
			);
			name = YourCloset;
			productName = YourCloset;
			productReference = 135734CF8501A36DC614D4CF /* YourCloset.app */;
			productType = "com.apple.product-type.application";
		};
/* End PBXNativeTarget section */

/* Begin PBXProject section */
		D7683DD06B2022963F9CDABE /* Project object */ = {
			isa = PBXProject;
			attributes = {
				LastUpgradeCheck = 1220;
				TargetAttributes = {
					F7049DDBD471E87A52B6CC04 = {
						LastSwiftMigration = 1220;
					};
				};
			};
			buildConfigurationList = 8E2B2C048FD90A6D2D75647D /* Build configuration list for PBXProject "YourCloset" */;
			compatibilityVersion = "Xcode 10.0";
			developmentRegion = ja;
			hasScannedForEncodings = 0;
			knownRegions = (
				Base,
				ja,
			);
			mainGroup = DD5D3374CD2ED2039BAF12DF;
			projectDirPath = "";
			projectRoot = "";
			targets = (
				F7049DDBD471E87A52B6CC04 /* UIComponent */,
				7889EA894B15B11B191F2AF7 /* Util */,
				F8B1287B47AA75283752D8E0 /* YourCloset */,
				92EB09317C26196BB50C7CF7 /* YourClosetTests */,
				51EDD0990644ABF283F8F416 /* YourClosetUITests */,
			);
		};
/* End PBXProject section */

/* Begin PBXResourcesBuildPhase section */
		7837BE6DDDCB3B009DC7BC71 /* Resources */ = {
			isa = PBXResourcesBuildPhase;
			buildActionMask = 2147483647;
			files = (
				6337970A5CB3F20FEBC3BEE3 /* Assets.xcassets in Resources */,
				7277CDFEDAD3D05394CB58C5 /* LaunchScreen.storyboard in Resources */,
			);
			runOnlyForDeploymentPostprocessing = 0;
		};
/* End PBXResourcesBuildPhase section */

/* Begin PBXSourcesBuildPhase section */
		77A8CA349A8CF894FF731556 /* Sources */ = {
			isa = PBXSourcesBuildPhase;
			buildActionMask = 2147483647;
			files = (
				15D31F7CCCF227564889B779 /* YourClosetUITests.swift in Sources */,
			);
			runOnlyForDeploymentPostprocessing = 0;
		};
		79F72FFB2EA2CFCBBB3785CD /* Sources */ = {
			isa = PBXSourcesBuildPhase;
			buildActionMask = 2147483647;
			files = (
				2F382468095C9616DC20BCAE /* Layout.swift in Sources */,
				AF54C25BB215AF6AAF889446 /* UIView+.swift in Sources */,
			);
			runOnlyForDeploymentPostprocessing = 0;
		};
		B297DE4798CCD42759D4E92D /* Sources */ = {
			isa = PBXSourcesBuildPhase;
			buildActionMask = 2147483647;
			files = (
				0EC0C616ED7B0F66C4D0E016 /* YourClosetTests.swift in Sources */,
			);
			runOnlyForDeploymentPostprocessing = 0;
		};
		E888AC877ADAE2F6D008E323 /* Sources */ = {
			isa = PBXSourcesBuildPhase;
			buildActionMask = 2147483647;
			files = (
				FDDAFE0C0284BF932172C42B /* AppDelegate.swift in Sources */,
				39F1E8ACE053FBE86BD5C4F1 /* ClosetPresenter.swift in Sources */,
				22DC2F44F860E9F442FE0483 /* ClosetRouter.swift in Sources */,
				914A954BA963EBA49859A84F /* ClosetViewController.swift in Sources */,
				F7F5B101352EA3E227DA2266 /* SceneDelegate.swift in Sources */,
			);
			runOnlyForDeploymentPostprocessing = 0;
		};
		F79BA63A19435FFE2E77F5E3 /* Sources */ = {
			isa = PBXSourcesBuildPhase;
			buildActionMask = 2147483647;
			files = (
				3295319B2599888900901C4A /* ModuleSectionController.swift in Sources */,
				3295316C2598B4E100901C4A /* AppCollectionViewDelegate.swift in Sources */,
				3295318225996FA000901C4A /* SectionController.swift in Sources */,
				329531722598B57E00901C4A /* AppCollectionViewDataSource.swift in Sources */,
				329531622598B4B400901C4A /* AppCollectionView.swift in Sources */,
				329531AB25999EAA00901C4A /* ClosetModule.swift in Sources */,
				32953157259860A900901C4A /* AppBaseViewController.swift in Sources */,
				329531B625999EE600901C4A /* ClosetSectionController.swift in Sources */,
				329531952599842B00901C4A /* Module.swift in Sources */,
			);
			runOnlyForDeploymentPostprocessing = 0;
		};
/* End PBXSourcesBuildPhase section */

/* Begin PBXTargetDependency section */
		6C441DB55A7C404AE002BD39 /* PBXTargetDependency */ = {
			isa = PBXTargetDependency;
			target = F7049DDBD471E87A52B6CC04 /* UIComponent */;
			targetProxy = 0B13696AFD87FDB5758A8EE7 /* PBXContainerItemProxy */;
		};
		DBB11193E44759DD77B540B1 /* PBXTargetDependency */ = {
			isa = PBXTargetDependency;
			target = 7889EA894B15B11B191F2AF7 /* Util */;
			targetProxy = AE32B23DFFE2A0255F02A998 /* PBXContainerItemProxy */;
		};
		E13A470BEFB989173F4BBD00 /* PBXTargetDependency */ = {
			isa = PBXTargetDependency;
			target = 7889EA894B15B11B191F2AF7 /* Util */;
			targetProxy = 11EE5397A824304646511C03 /* PBXContainerItemProxy */;
		};
/* End PBXTargetDependency section */

/* Begin PBXVariantGroup section */
		B9411ABA73AEA6A03F67ADB0 /* LaunchScreen.storyboard */ = {
			isa = PBXVariantGroup;
			children = (
				686B99EB47E07433618C890E /* Base */,
			);
			name = LaunchScreen.storyboard;
			sourceTree = "<group>";
		};
/* End PBXVariantGroup section */

/* Begin XCBuildConfiguration section */
		006F9A16EBB9D77913B808C7 /* Debug */ = {
			isa = XCBuildConfiguration;
			buildSettings = {
				CODE_SIGN_IDENTITY = "";
				CURRENT_PROJECT_VERSION = 1;
				DEFINES_MODULE = YES;
				DYLIB_COMPATIBILITY_VERSION = 1;
				DYLIB_CURRENT_VERSION = 1;
				DYLIB_INSTALL_NAME_BASE = "@rpath";
				INFOPLIST_FILE = Util/Info.plist;
				INSTALL_PATH = "$(LOCAL_LIBRARY_DIR)/Frameworks";
				LD_RUNPATH_SEARCH_PATHS = (
					"$(inherited)",
					"@executable_path/Frameworks",
				);
				PRODUCT_BUNDLE_IDENTIFIER = hikaru.hara.Util;
				SDKROOT = iphoneos;
				SKIP_INSTALL = YES;
				TARGETED_DEVICE_FAMILY = "1,2";
				VERSIONING_SYSTEM = "apple-generic";
			};
			name = Debug;
		};
		0A59A57607514849F3592B8D /* Debug */ = {
			isa = XCBuildConfiguration;
			buildSettings = {
				BUNDLE_LOADER = "$(TEST_HOST)";
				INFOPLIST_FILE = YourClosetUITests/Info.plist;
				LD_RUNPATH_SEARCH_PATHS = (
					"$(inherited)",
					"@executable_path/Frameworks",
					"@loader_path/Frameworks",
				);
				PRODUCT_BUNDLE_IDENTIFIER = hikaru.hara.YourClosetUITests;
				SDKROOT = iphoneos;
				TARGETED_DEVICE_FAMILY = "1,2";
			};
			name = Debug;
		};
		1A2FEB59328C1C6EC4DAFD2F /* Debug */ = {
			isa = XCBuildConfiguration;
			buildSettings = {
				CLANG_ENABLE_MODULES = YES;
				CODE_SIGN_IDENTITY = "";
				CURRENT_PROJECT_VERSION = 1;
				DEFINES_MODULE = YES;
				DYLIB_COMPATIBILITY_VERSION = 1;
				DYLIB_CURRENT_VERSION = 1;
				DYLIB_INSTALL_NAME_BASE = "@rpath";
				INFOPLIST_FILE = UIComponent/Info.plist;
				INSTALL_PATH = "$(LOCAL_LIBRARY_DIR)/Frameworks";
				LD_RUNPATH_SEARCH_PATHS = (
					"$(inherited)",
					"@executable_path/Frameworks",
				);
				PRODUCT_BUNDLE_IDENTIFIER = hikaru.hara.UIComponent;
				SDKROOT = iphoneos;
				SKIP_INSTALL = YES;
				SWIFT_OPTIMIZATION_LEVEL = "-Onone";
				SWIFT_VERSION = 5.0;
				TARGETED_DEVICE_FAMILY = "1,2";
				VERSIONING_SYSTEM = "apple-generic";
			};
			name = Debug;
		};
		586BA963790B92C9057FA1CD /* Release */ = {
			isa = XCBuildConfiguration;
			buildSettings = {
				ALWAYS_EMBED_SWIFT_STANDARD_LIBRARIES = YES;
				ASSETCATALOG_COMPILER_APPICON_NAME = AppIcon;
				CODE_SIGN_IDENTITY = "iPhone Developer";
				INFOPLIST_FILE = YourCloset/Info.plist;
				LD_RUNPATH_SEARCH_PATHS = (
					"$(inherited)",
					"@executable_path/Frameworks",
				);
				PRODUCT_BUNDLE_IDENTIFIER = hikaru.hara.YourCloset;
				SDKROOT = iphoneos;
				TARGETED_DEVICE_FAMILY = "1,2";
			};
			name = Release;
		};
		5E9FA7329E273AD1DFC9ABF7 /* Release */ = {
			isa = XCBuildConfiguration;
			buildSettings = {
				ALWAYS_SEARCH_USER_PATHS = NO;
				CLANG_ANALYZER_NONNULL = YES;
				CLANG_ANALYZER_NUMBER_OBJECT_CONVERSION = YES_AGGRESSIVE;
				CLANG_CXX_LANGUAGE_STANDARD = "gnu++14";
				CLANG_CXX_LIBRARY = "libc++";
				CLANG_ENABLE_MODULES = YES;
				CLANG_ENABLE_OBJC_ARC = YES;
				CLANG_ENABLE_OBJC_WEAK = YES;
				CLANG_WARN_BLOCK_CAPTURE_AUTORELEASING = YES;
				CLANG_WARN_BOOL_CONVERSION = YES;
				CLANG_WARN_COMMA = YES;
				CLANG_WARN_CONSTANT_CONVERSION = YES;
				CLANG_WARN_DEPRECATED_OBJC_IMPLEMENTATIONS = YES;
				CLANG_WARN_DIRECT_OBJC_ISA_USAGE = YES_ERROR;
				CLANG_WARN_DOCUMENTATION_COMMENTS = YES;
				CLANG_WARN_EMPTY_BODY = YES;
				CLANG_WARN_ENUM_CONVERSION = YES;
				CLANG_WARN_INFINITE_RECURSION = YES;
				CLANG_WARN_INT_CONVERSION = YES;
				CLANG_WARN_NON_LITERAL_NULL_CONVERSION = YES;
				CLANG_WARN_OBJC_IMPLICIT_RETAIN_SELF = YES;
				CLANG_WARN_OBJC_LITERAL_CONVERSION = YES;
				CLANG_WARN_OBJC_ROOT_CLASS = YES_ERROR;
				CLANG_WARN_QUOTED_INCLUDE_IN_FRAMEWORK_HEADER = YES;
				CLANG_WARN_RANGE_LOOP_ANALYSIS = YES;
				CLANG_WARN_STRICT_PROTOTYPES = YES;
				CLANG_WARN_SUSPICIOUS_MOVE = YES;
				CLANG_WARN_UNGUARDED_AVAILABILITY = YES_AGGRESSIVE;
				CLANG_WARN_UNREACHABLE_CODE = YES;
				CLANG_WARN__DUPLICATE_METHOD_MATCH = YES;
				COPY_PHASE_STRIP = NO;
				DEBUG_INFORMATION_FORMAT = "dwarf-with-dsym";
				ENABLE_NS_ASSERTIONS = NO;
				ENABLE_STRICT_OBJC_MSGSEND = YES;
				GCC_C_LANGUAGE_STANDARD = gnu11;
				GCC_NO_COMMON_BLOCKS = YES;
				GCC_WARN_64_TO_32_BIT_CONVERSION = YES;
				GCC_WARN_ABOUT_RETURN_TYPE = YES_ERROR;
				GCC_WARN_UNDECLARED_SELECTOR = YES;
				GCC_WARN_UNINITIALIZED_AUTOS = YES_AGGRESSIVE;
				GCC_WARN_UNUSED_FUNCTION = YES;
				GCC_WARN_UNUSED_VARIABLE = YES;
				IPHONEOS_DEPLOYMENT_TARGET = 13.0;
				MTL_ENABLE_DEBUG_INFO = NO;
				MTL_FAST_MATH = YES;
				PRODUCT_NAME = "$(TARGET_NAME)";
				SDKROOT = iphoneos;
				SWIFT_COMPILATION_MODE = wholemodule;
				SWIFT_OPTIMIZATION_LEVEL = "-O";
				SWIFT_VERSION = 5.0;
			};
			name = Release;
		};
		60FD33CFC881E5A1E0372F88 /* Release */ = {
			isa = XCBuildConfiguration;
			buildSettings = {
				BUNDLE_LOADER = "$(TEST_HOST)";
				INFOPLIST_FILE = YourClosetTests/Info.plist;
				LD_RUNPATH_SEARCH_PATHS = (
					"$(inherited)",
					"@executable_path/Frameworks",
					"@loader_path/Frameworks",
				);
				PRODUCT_BUNDLE_IDENTIFIER = hikaru.hara.YourClosetTests;
				SDKROOT = iphoneos;
				TARGETED_DEVICE_FAMILY = "1,2";
			};
			name = Release;
		};
		6F32EE5A1D5EC6FE4590559A /* Release */ = {
			isa = XCBuildConfiguration;
			buildSettings = {
				BUNDLE_LOADER = "$(TEST_HOST)";
				INFOPLIST_FILE = YourClosetUITests/Info.plist;
				LD_RUNPATH_SEARCH_PATHS = (
					"$(inherited)",
					"@executable_path/Frameworks",
					"@loader_path/Frameworks",
				);
				PRODUCT_BUNDLE_IDENTIFIER = hikaru.hara.YourClosetUITests;
				SDKROOT = iphoneos;
				TARGETED_DEVICE_FAMILY = "1,2";
			};
			name = Release;
		};
		716BCC956A21BCBFE60E2AFF /* Release */ = {
			isa = XCBuildConfiguration;
			buildSettings = {
				CODE_SIGN_IDENTITY = "";
				CURRENT_PROJECT_VERSION = 1;
				DEFINES_MODULE = YES;
				DYLIB_COMPATIBILITY_VERSION = 1;
				DYLIB_CURRENT_VERSION = 1;
				DYLIB_INSTALL_NAME_BASE = "@rpath";
				INFOPLIST_FILE = Util/Info.plist;
				INSTALL_PATH = "$(LOCAL_LIBRARY_DIR)/Frameworks";
				LD_RUNPATH_SEARCH_PATHS = (
					"$(inherited)",
					"@executable_path/Frameworks",
				);
				PRODUCT_BUNDLE_IDENTIFIER = hikaru.hara.Util;
				SDKROOT = iphoneos;
				SKIP_INSTALL = YES;
				TARGETED_DEVICE_FAMILY = "1,2";
				VERSIONING_SYSTEM = "apple-generic";
			};
			name = Release;
		};
		9CC341D9F2F2AEE4DC315B13 /* Release */ = {
			isa = XCBuildConfiguration;
			buildSettings = {
				CLANG_ENABLE_MODULES = YES;
				CODE_SIGN_IDENTITY = "";
				CURRENT_PROJECT_VERSION = 1;
				DEFINES_MODULE = YES;
				DYLIB_COMPATIBILITY_VERSION = 1;
				DYLIB_CURRENT_VERSION = 1;
				DYLIB_INSTALL_NAME_BASE = "@rpath";
				INFOPLIST_FILE = UIComponent/Info.plist;
				INSTALL_PATH = "$(LOCAL_LIBRARY_DIR)/Frameworks";
				LD_RUNPATH_SEARCH_PATHS = (
					"$(inherited)",
					"@executable_path/Frameworks",
				);
				PRODUCT_BUNDLE_IDENTIFIER = hikaru.hara.UIComponent;
				SDKROOT = iphoneos;
				SKIP_INSTALL = YES;
				SWIFT_VERSION = 5.0;
				TARGETED_DEVICE_FAMILY = "1,2";
				VERSIONING_SYSTEM = "apple-generic";
			};
			name = Release;
		};
		B4C01A803617094D82386CAD /* Debug */ = {
			isa = XCBuildConfiguration;
			buildSettings = {
				BUNDLE_LOADER = "$(TEST_HOST)";
				INFOPLIST_FILE = YourClosetTests/Info.plist;
				LD_RUNPATH_SEARCH_PATHS = (
					"$(inherited)",
					"@executable_path/Frameworks",
					"@loader_path/Frameworks",
				);
				PRODUCT_BUNDLE_IDENTIFIER = hikaru.hara.YourClosetTests;
				SDKROOT = iphoneos;
				TARGETED_DEVICE_FAMILY = "1,2";
			};
			name = Debug;
		};
		C947EB50D9CA06B578DECFC4 /* Debug */ = {
			isa = XCBuildConfiguration;
			buildSettings = {
				ALWAYS_SEARCH_USER_PATHS = NO;
				CLANG_ANALYZER_NONNULL = YES;
				CLANG_ANALYZER_NUMBER_OBJECT_CONVERSION = YES_AGGRESSIVE;
				CLANG_CXX_LANGUAGE_STANDARD = "gnu++14";
				CLANG_CXX_LIBRARY = "libc++";
				CLANG_ENABLE_MODULES = YES;
				CLANG_ENABLE_OBJC_ARC = YES;
				CLANG_ENABLE_OBJC_WEAK = YES;
				CLANG_WARN_BLOCK_CAPTURE_AUTORELEASING = YES;
				CLANG_WARN_BOOL_CONVERSION = YES;
				CLANG_WARN_COMMA = YES;
				CLANG_WARN_CONSTANT_CONVERSION = YES;
				CLANG_WARN_DEPRECATED_OBJC_IMPLEMENTATIONS = YES;
				CLANG_WARN_DIRECT_OBJC_ISA_USAGE = YES_ERROR;
				CLANG_WARN_DOCUMENTATION_COMMENTS = YES;
				CLANG_WARN_EMPTY_BODY = YES;
				CLANG_WARN_ENUM_CONVERSION = YES;
				CLANG_WARN_INFINITE_RECURSION = YES;
				CLANG_WARN_INT_CONVERSION = YES;
				CLANG_WARN_NON_LITERAL_NULL_CONVERSION = YES;
				CLANG_WARN_OBJC_IMPLICIT_RETAIN_SELF = YES;
				CLANG_WARN_OBJC_LITERAL_CONVERSION = YES;
				CLANG_WARN_OBJC_ROOT_CLASS = YES_ERROR;
				CLANG_WARN_QUOTED_INCLUDE_IN_FRAMEWORK_HEADER = YES;
				CLANG_WARN_RANGE_LOOP_ANALYSIS = YES;
				CLANG_WARN_STRICT_PROTOTYPES = YES;
				CLANG_WARN_SUSPICIOUS_MOVE = YES;
				CLANG_WARN_UNGUARDED_AVAILABILITY = YES_AGGRESSIVE;
				CLANG_WARN_UNREACHABLE_CODE = YES;
				CLANG_WARN__DUPLICATE_METHOD_MATCH = YES;
				COPY_PHASE_STRIP = NO;
				DEBUG_INFORMATION_FORMAT = dwarf;
				ENABLE_STRICT_OBJC_MSGSEND = YES;
				ENABLE_TESTABILITY = YES;
				GCC_C_LANGUAGE_STANDARD = gnu11;
				GCC_DYNAMIC_NO_PIC = NO;
				GCC_NO_COMMON_BLOCKS = YES;
				GCC_OPTIMIZATION_LEVEL = 0;
				GCC_PREPROCESSOR_DEFINITIONS = (
					"$(inherited)",
					"DEBUG=1",
				);
				GCC_WARN_64_TO_32_BIT_CONVERSION = YES;
				GCC_WARN_ABOUT_RETURN_TYPE = YES_ERROR;
				GCC_WARN_UNDECLARED_SELECTOR = YES;
				GCC_WARN_UNINITIALIZED_AUTOS = YES_AGGRESSIVE;
				GCC_WARN_UNUSED_FUNCTION = YES;
				GCC_WARN_UNUSED_VARIABLE = YES;
				IPHONEOS_DEPLOYMENT_TARGET = 13.0;
				MTL_ENABLE_DEBUG_INFO = INCLUDE_SOURCE;
				MTL_FAST_MATH = YES;
				ONLY_ACTIVE_ARCH = YES;
				PRODUCT_NAME = "$(TARGET_NAME)";
				SDKROOT = iphoneos;
				SWIFT_ACTIVE_COMPILATION_CONDITIONS = DEBUG;
				SWIFT_OPTIMIZATION_LEVEL = "-Onone";
				SWIFT_VERSION = 5.0;
			};
			name = Debug;
		};
		DF60696A76DD4324596A3BEA /* Debug */ = {
			isa = XCBuildConfiguration;
			buildSettings = {
				ALWAYS_EMBED_SWIFT_STANDARD_LIBRARIES = YES;
				ASSETCATALOG_COMPILER_APPICON_NAME = AppIcon;
				CODE_SIGN_IDENTITY = "iPhone Developer";
				INFOPLIST_FILE = YourCloset/Info.plist;
				LD_RUNPATH_SEARCH_PATHS = (
					"$(inherited)",
					"@executable_path/Frameworks",
				);
				PRODUCT_BUNDLE_IDENTIFIER = hikaru.hara.YourCloset;
				SDKROOT = iphoneos;
				TARGETED_DEVICE_FAMILY = "1,2";
			};
			name = Debug;
		};
/* End XCBuildConfiguration section */

/* Begin XCConfigurationList section */
		0409E156CA932206FE391656 /* Build configuration list for PBXNativeTarget "Util" */ = {
			isa = XCConfigurationList;
			buildConfigurations = (
				006F9A16EBB9D77913B808C7 /* Debug */,
				716BCC956A21BCBFE60E2AFF /* Release */,
			);
			defaultConfigurationIsVisible = 0;
			defaultConfigurationName = Debug;
		};
		58920AD9CC6DA7D89ED1DF41 /* Build configuration list for PBXNativeTarget "YourCloset" */ = {
			isa = XCConfigurationList;
			buildConfigurations = (
				DF60696A76DD4324596A3BEA /* Debug */,
				586BA963790B92C9057FA1CD /* Release */,
			);
			defaultConfigurationIsVisible = 0;
			defaultConfigurationName = Debug;
		};
		8170538AF1F2A7F01772AB92 /* Build configuration list for PBXNativeTarget "UIComponent" */ = {
			isa = XCConfigurationList;
			buildConfigurations = (
				1A2FEB59328C1C6EC4DAFD2F /* Debug */,
				9CC341D9F2F2AEE4DC315B13 /* Release */,
			);
			defaultConfigurationIsVisible = 0;
			defaultConfigurationName = Debug;
		};
		8E2B2C048FD90A6D2D75647D /* Build configuration list for PBXProject "YourCloset" */ = {
			isa = XCConfigurationList;
			buildConfigurations = (
				C947EB50D9CA06B578DECFC4 /* Debug */,
				5E9FA7329E273AD1DFC9ABF7 /* Release */,
			);
			defaultConfigurationIsVisible = 0;
			defaultConfigurationName = Debug;
		};
		BD7CC5A4E27227BA825ED6AA /* Build configuration list for PBXNativeTarget "YourClosetTests" */ = {
			isa = XCConfigurationList;
			buildConfigurations = (
				B4C01A803617094D82386CAD /* Debug */,
				60FD33CFC881E5A1E0372F88 /* Release */,
			);
			defaultConfigurationIsVisible = 0;
			defaultConfigurationName = Debug;
		};
		F37814EA812673971898C488 /* Build configuration list for PBXNativeTarget "YourClosetUITests" */ = {
			isa = XCConfigurationList;
			buildConfigurations = (
				0A59A57607514849F3592B8D /* Debug */,
				6F32EE5A1D5EC6FE4590559A /* Release */,
			);
			defaultConfigurationIsVisible = 0;
			defaultConfigurationName = Debug;
		};
/* End XCConfigurationList section */
	};
	rootObject = D7683DD06B2022963F9CDABE /* Project object */;
}
